// !$*UTF8*$!
{
	archiveVersion = 1;
	classes = {
	};
	objectVersion = 56;
	objects = {

/* Begin PBXBuildFile section */
		7155E4502B907890002902FE /* MatrixUtils.swift in Sources */ = {isa = PBXBuildFile; fileRef = 7155E4282B907890002902FE /* MatrixUtils.swift */; };
		7155E4512B907890002902FE /* Data+compressed.swift in Sources */ = {isa = PBXBuildFile; fileRef = 7155E42A2B907890002902FE /* Data+compressed.swift */; };
		7155E4522B907890002902FE /* CLLocation+metrics.swift in Sources */ = {isa = PBXBuildFile; fileRef = 7155E42B2B907890002902FE /* CLLocation+metrics.swift */; };
		7155E4532B907890002902FE /* Float4x4+distance.swift in Sources */ = {isa = PBXBuildFile; fileRef = 7155E42C2B907890002902FE /* Float4x4+distance.swift */; };
		7155E4542B907890002902FE /* FloatingPoint+conversion.swift in Sources */ = {isa = PBXBuildFile; fileRef = 7155E42D2B907890002902FE /* FloatingPoint+conversion.swift */; };
		7155E4552B907890002902FE /* RealityKit+helpers.swift in Sources */ = {isa = PBXBuildFile; fileRef = 7155E42E2B907890002902FE /* RealityKit+helpers.swift */; };
		7155E4562B907890002902FE /* CLLocation+helpers.swift in Sources */ = {isa = PBXBuildFile; fileRef = 7155E42F2B907890002902FE /* CLLocation+helpers.swift */; };
		7155E4572B907890002902FE /* SIMD3+angle.swift in Sources */ = {isa = PBXBuildFile; fileRef = 7155E4302B907890002902FE /* SIMD3+angle.swift */; };
		7155E4582B907890002902FE /* URLSession+downloadFile.swift in Sources */ = {isa = PBXBuildFile; fileRef = 7155E4312B907890002902FE /* URLSession+downloadFile.swift */; };
		7155E4592B907890002902FE /* RealityKit+remote.swift in Sources */ = {isa = PBXBuildFile; fileRef = 7155E4322B907890002902FE /* RealityKit+remote.swift */; };
		7155E45A2B907890002902FE /* MatrixHelper.swift in Sources */ = {isa = PBXBuildFile; fileRef = 7155E4332B907890002902FE /* MatrixHelper.swift */; };
		7155E45B2B907890002902FE /* LBARView.swift in Sources */ = {isa = PBXBuildFile; fileRef = 7155E4352B907890002902FE /* LBARView.swift */; };
		7155E45C2B907890002902FE /* LBARViewDelegates.swift in Sources */ = {isa = PBXBuildFile; fileRef = 7155E4362B907890002902FE /* LBARViewDelegates.swift */; };
		7155E45D2B907890002902FE /* LBARView+internalTypes.swift in Sources */ = {isa = PBXBuildFile; fileRef = 7155E4372B907890002902FE /* LBARView+internalTypes.swift */; };
		7155E45E2B907890002902FE /* LBARView+worldMap.swift in Sources */ = {isa = PBXBuildFile; fileRef = 7155E4382B907890002902FE /* LBARView+worldMap.swift */; };
		7155E45F2B907890002902FE /* LBARView+configuration.swift in Sources */ = {isa = PBXBuildFile; fileRef = 7155E4392B907890002902FE /* LBARView+configuration.swift */; };
		7155E4602B907890002902FE /* LBARView+anchorResolving.swift in Sources */ = {isa = PBXBuildFile; fileRef = 7155E43A2B907890002902FE /* LBARView+anchorResolving.swift */; };
		7155E4612B907890002902FE /* LBARView+trackingStatus.swift in Sources */ = {isa = PBXBuildFile; fileRef = 7155E43B2B907890002902FE /* LBARView+trackingStatus.swift */; };
		7155E4622B907890002902FE /* LBARView+translations.swift in Sources */ = {isa = PBXBuildFile; fileRef = 7155E43C2B907890002902FE /* LBARView+translations.swift */; };
		7155E4632B907890002902FE /* LBARView+scaling.swift in Sources */ = {isa = PBXBuildFile; fileRef = 7155E43D2B907890002902FE /* LBARView+scaling.swift */; };
		7155E4642B907890002902FE /* LBARView+locationUpdates.swift in Sources */ = {isa = PBXBuildFile; fileRef = 7155E43E2B907890002902FE /* LBARView+locationUpdates.swift */; };
		7155E4652B907890002902FE /* AnchorMapIndicator.swift in Sources */ = {isa = PBXBuildFile; fileRef = 7155E4412B907890002902FE /* AnchorMapIndicator.swift */; };
		7155E4662B907890002902FE /* LocationAnchorData.swift in Sources */ = {isa = PBXBuildFile; fileRef = 7155E4422B907890002902FE /* LocationAnchorData.swift */; };
		7155E4672B907890002902FE /* Placemark.swift in Sources */ = {isa = PBXBuildFile; fileRef = 7155E4432B907890002902FE /* Placemark.swift */; };
		7155E4682B907890002902FE /* LocationComponent.swift in Sources */ = {isa = PBXBuildFile; fileRef = 7155E4452B907890002902FE /* LocationComponent.swift */; };
		7155E4692B907890002902FE /* LBAnchor.swift in Sources */ = {isa = PBXBuildFile; fileRef = 7155E4472B907890002902FE /* LBAnchor.swift */; };
		7155E46A2B907890002902FE /* LocationEntity.swift in Sources */ = {isa = PBXBuildFile; fileRef = 7155E4492B907890002902FE /* LocationEntity.swift */; };
		7155E46B2B907890002902FE /* LocationManagerDelegate.swift in Sources */ = {isa = PBXBuildFile; fileRef = 7155E44B2B907890002902FE /* LocationManagerDelegate.swift */; };
		7155E46C2B907890002902FE /* LocationManager.swift in Sources */ = {isa = PBXBuildFile; fileRef = 7155E44C2B907890002902FE /* LocationManager.swift */; };
		7155E46D2B907890002902FE /* ARWorldMap+helpers.swift in Sources */ = {isa = PBXBuildFile; fileRef = 7155E44E2B907890002902FE /* ARWorldMap+helpers.swift */; };
		7155E46E2B907890002902FE /* WorldMapData.swift in Sources */ = {isa = PBXBuildFile; fileRef = 7155E44F2B907890002902FE /* WorldMapData.swift */; };
		71642D432B90AB590018DBD2 /* Kingfisher in Frameworks */ = {isa = PBXBuildFile; productRef = 71642D422B90AB590018DBD2 /* Kingfisher */; };
		71642D462B90AB6D0018DBD2 /* FocusEntity in Frameworks */ = {isa = PBXBuildFile; productRef = 71642D452B90AB6D0018DBD2 /* FocusEntity */; };
		71642D492B90ACD40018DBD2 /* CombineMoya in Frameworks */ = {isa = PBXBuildFile; productRef = 71642D482B90ACD40018DBD2 /* CombineMoya */; };
		71642D4B2B90ACD40018DBD2 /* Moya in Frameworks */ = {isa = PBXBuildFile; productRef = 71642D4A2B90ACD40018DBD2 /* Moya */; };
		71642D4D2B90ACD40018DBD2 /* ReactiveMoya in Frameworks */ = {isa = PBXBuildFile; productRef = 71642D4C2B90ACD40018DBD2 /* ReactiveMoya */; };
		71642D4F2B90ACD40018DBD2 /* RxMoya in Frameworks */ = {isa = PBXBuildFile; productRef = 71642D4E2B90ACD40018DBD2 /* RxMoya */; };
		71642DCB2B90C2550018DBD2 /* toy_robot_vintage.usdz in Resources */ = {isa = PBXBuildFile; fileRef = 71642DC82B90C2550018DBD2 /* toy_robot_vintage.usdz */; };
		71642DCC2B90C2560018DBD2 /* toy_car.usdz in Resources */ = {isa = PBXBuildFile; fileRef = 71642DC92B90C2550018DBD2 /* toy_car.usdz */; };
		71642DCD2B90C2560018DBD2 /* toy_biplane.usdz in Resources */ = {isa = PBXBuildFile; fileRef = 71642DCA2B90C2550018DBD2 /* toy_biplane.usdz */; };
		7164417A2B8EF24900048389 /* BeanTagButtons.swift in Sources */ = {isa = PBXBuildFile; fileRef = 716441792B8EF24900048389 /* BeanTagButtons.swift */; };
		717F89E82B875D4A00C58DD0 /* KeventyApp.swift in Sources */ = {isa = PBXBuildFile; fileRef = 717F89E72B875D4A00C58DD0 /* KeventyApp.swift */; };
		717F89EC2B875D4D00C58DD0 /* Assets.xcassets in Resources */ = {isa = PBXBuildFile; fileRef = 717F89EB2B875D4D00C58DD0 /* Assets.xcassets */; };
		717F89EF2B875D4D00C58DD0 /* Preview Assets.xcassets in Resources */ = {isa = PBXBuildFile; fileRef = 717F89EE2B875D4D00C58DD0 /* Preview Assets.xcassets */; };
		717F89F92B875D4D00C58DD0 /* KeventyTests.swift in Sources */ = {isa = PBXBuildFile; fileRef = 717F89F82B875D4D00C58DD0 /* KeventyTests.swift */; };
		717F8A032B875D4D00C58DD0 /* KeventyUITests.swift in Sources */ = {isa = PBXBuildFile; fileRef = 717F8A022B875D4D00C58DD0 /* KeventyUITests.swift */; };
		717F8A052B875D4D00C58DD0 /* KeventyUITestsLaunchTests.swift in Sources */ = {isa = PBXBuildFile; fileRef = 717F8A042B875D4D00C58DD0 /* KeventyUITestsLaunchTests.swift */; };
		717F8A172B8766B000C58DD0 /* sneaker_airforce.usdz in Resources */ = {isa = PBXBuildFile; fileRef = 717F8A162B8766B000C58DD0 /* sneaker_airforce.usdz */; };
		717F8A202B879C8700C58DD0 /* CreateEventSheetView.swift in Sources */ = {isa = PBXBuildFile; fileRef = 717F8A1F2B879C8700C58DD0 /* CreateEventSheetView.swift */; };
		717F8A222B87A38500C58DD0 /* PlacePickerField.swift in Sources */ = {isa = PBXBuildFile; fileRef = 717F8A212B87A38500C58DD0 /* PlacePickerField.swift */; };
		717F8A242B87A7C100C58DD0 /* PlacePickerView.swift in Sources */ = {isa = PBXBuildFile; fileRef = 717F8A232B87A7C100C58DD0 /* PlacePickerView.swift */; };
		71D1E8212B8B6570003FC862 /* BottomBarView.swift in Sources */ = {isa = PBXBuildFile; fileRef = 71D1E8202B8B6570003FC862 /* BottomBarView.swift */; };
		71D1E8242B8B8FA7003FC862 /* SheetFactory.swift in Sources */ = {isa = PBXBuildFile; fileRef = 71D1E8232B8B8FA7003FC862 /* SheetFactory.swift */; };
		71D1E82E2B8CEA41003FC862 /* MapExploreView.swift in Sources */ = {isa = PBXBuildFile; fileRef = 71D1E82D2B8CEA41003FC862 /* MapExploreView.swift */; };
		71D1E8302B8CEB65003FC862 /* Event.swift in Sources */ = {isa = PBXBuildFile; fileRef = 71D1E82F2B8CEB65003FC862 /* Event.swift */; };
		71D1E8362B8D0853003FC862 /* mock.json in Resources */ = {isa = PBXBuildFile; fileRef = 71D1E8352B8D0853003FC862 /* mock.json */; };
		71D1E83E2B8E1AED003FC862 /* EventModel.swift in Sources */ = {isa = PBXBuildFile; fileRef = 71D1E83D2B8E1AED003FC862 /* EventModel.swift */; };
		71D1E8412B8E1C2C003FC862 /* NetworkManager.swift in Sources */ = {isa = PBXBuildFile; fileRef = 71D1E8402B8E1C2C003FC862 /* NetworkManager.swift */; };
		71D1E8432B8E1C4B003FC862 /* API.swift in Sources */ = {isa = PBXBuildFile; fileRef = 71D1E8422B8E1C4B003FC862 /* API.swift */; };
		71DFBC2B2B923BEA00BD3A37 /* UserDefaultsConfig.swift in Sources */ = {isa = PBXBuildFile; fileRef = 71DFBC2A2B923BEA00BD3A37 /* UserDefaultsConfig.swift */; };
		71DFBC2D2B923C1100BD3A37 /* UserDefault.swift in Sources */ = {isa = PBXBuildFile; fileRef = 71DFBC2C2B923C1100BD3A37 /* UserDefault.swift */; };
		71DFBC2F2B923C5800BD3A37 /* UserDefaults+savabale.swift in Sources */ = {isa = PBXBuildFile; fileRef = 71DFBC2E2B923C5800BD3A37 /* UserDefaults+savabale.swift */; };
		71DFBC312B923CF300BD3A37 /* LocalData.swift in Sources */ = {isa = PBXBuildFile; fileRef = 71DFBC302B923CF300BD3A37 /* LocalData.swift */; };
		71DFBC332B923DC200BD3A37 /* SessionError.swift in Sources */ = {isa = PBXBuildFile; fileRef = 71DFBC322B923DC200BD3A37 /* SessionError.swift */; };
		71DFBC352B923DE300BD3A37 /* Notification.swift in Sources */ = {isa = PBXBuildFile; fileRef = 71DFBC342B923DE300BD3A37 /* Notification.swift */; };
		71DFBC3B2B923E4F00BD3A37 /* ARSessionManager.swift in Sources */ = {isa = PBXBuildFile; fileRef = 71DFBC372B923E4F00BD3A37 /* ARSessionManager.swift */; };
		71DFBC3C2B923E4F00BD3A37 /* ARSessionManager+delegates.swift in Sources */ = {isa = PBXBuildFile; fileRef = 71DFBC382B923E4F00BD3A37 /* ARSessionManager+delegates.swift */; };
		71DFBC3D2B923E4F00BD3A37 /* ARSessionManager+gestures.swift in Sources */ = {isa = PBXBuildFile; fileRef = 71DFBC392B923E4F00BD3A37 /* ARSessionManager+gestures.swift */; };
		71DFBC3E2B923E4F00BD3A37 /* ARSessionManager+anchorManagement.swift in Sources */ = {isa = PBXBuildFile; fileRef = 71DFBC3A2B923E4F00BD3A37 /* ARSessionManager+anchorManagement.swift */; };
		71DFBC432B923E5C00BD3A37 /* AnnotationComponent.swift in Sources */ = {isa = PBXBuildFile; fileRef = 71DFBC402B923E5C00BD3A37 /* AnnotationComponent.swift */; };
		71DFBC442B923E5C00BD3A37 /* AnnotationEntity.swift in Sources */ = {isa = PBXBuildFile; fileRef = 71DFBC412B923E5C00BD3A37 /* AnnotationEntity.swift */; };
		71DFBC452B923E5C00BD3A37 /* AnnotationView.swift in Sources */ = {isa = PBXBuildFile; fileRef = 71DFBC422B923E5C00BD3A37 /* AnnotationView.swift */; };
		71DFBC502B923E7600BD3A37 /* View+hidden.swift in Sources */ = {isa = PBXBuildFile; fileRef = 71DFBC472B923E7600BD3A37 /* View+hidden.swift */; };
		71DFBC512B923E7600BD3A37 /* ARView+meshRay.swift in Sources */ = {isa = PBXBuildFile; fileRef = 71DFBC482B923E7600BD3A37 /* ARView+meshRay.swift */; };
		71DFBC522B923E7600BD3A37 /* Transform+helpers.swift in Sources */ = {isa = PBXBuildFile; fileRef = 71DFBC492B923E7600BD3A37 /* Transform+helpers.swift */; };
		71DFBC532B923E7600BD3A37 /* ModelEntity+simpleModels.swift in Sources */ = {isa = PBXBuildFile; fileRef = 71DFBC4A2B923E7600BD3A37 /* ModelEntity+simpleModels.swift */; };
		71DFBC542B923E7600BD3A37 /* View+alert.swift in Sources */ = {isa = PBXBuildFile; fileRef = 71DFBC4B2B923E7600BD3A37 /* View+alert.swift */; };
		71DFBC552B923E7600BD3A37 /* Alert+toSettings.swift in Sources */ = {isa = PBXBuildFile; fileRef = 71DFBC4C2B923E7600BD3A37 /* Alert+toSettings.swift */; };
		71DFBC562B923E7600BD3A37 /* Color+system.swift in Sources */ = {isa = PBXBuildFile; fileRef = 71DFBC4D2B923E7600BD3A37 /* Color+system.swift */; };
		71DFBC572B923E7600BD3A37 /* ARView+updateOptions.swift in Sources */ = {isa = PBXBuildFile; fileRef = 71DFBC4E2B923E7600BD3A37 /* ARView+updateOptions.swift */; };
		71DFBC582B923E7600BD3A37 /* CLLocationCoordinate+description.swift in Sources */ = {isa = PBXBuildFile; fileRef = 71DFBC4F2B923E7600BD3A37 /* CLLocationCoordinate+description.swift */; };
		71DFBC5D2B923EBC00BD3A37 /* ARControls.swift in Sources */ = {isa = PBXBuildFile; fileRef = 71DFBC5A2B923EBC00BD3A37 /* ARControls.swift */; };
		71DFBC5E2B923EBC00BD3A37 /* ARViewContainer.swift in Sources */ = {isa = PBXBuildFile; fileRef = 71DFBC5B2B923EBC00BD3A37 /* ARViewContainer.swift */; };
		71DFBC5F2B923EBC00BD3A37 /* FocusedARView.swift in Sources */ = {isa = PBXBuildFile; fileRef = 71DFBC5C2B923EBC00BD3A37 /* FocusedARView.swift */; };
		71E5ABAC2B885673004F7189 /* Contants.swift in Sources */ = {isa = PBXBuildFile; fileRef = 71E5ABAB2B885673004F7189 /* Contants.swift */; };
		71E5ABAF2B885704004F7189 /* User.swift in Sources */ = {isa = PBXBuildFile; fileRef = 71E5ABAE2B885704004F7189 /* User.swift */; };
		71E5ABB52B885C6B004F7189 /* ExplorePage.swift in Sources */ = {isa = PBXBuildFile; fileRef = 71E5ABB42B885C6B004F7189 /* ExplorePage.swift */; };
		71E5ABB72B885CDA004F7189 /* TimeSelectionView.swift in Sources */ = {isa = PBXBuildFile; fileRef = 71E5ABB62B885CDA004F7189 /* TimeSelectionView.swift */; };
		71E5ABB92B886B90004F7189 /* .gitignore in Resources */ = {isa = PBXBuildFile; fileRef = 71E5ABB82B886B90004F7189 /* .gitignore */; };
		71E5ABD32B88D5EB004F7189 /* EventCardView.swift in Sources */ = {isa = PBXBuildFile; fileRef = 71E5ABD22B88D5EB004F7189 /* EventCardView.swift */; };
		71E5ABD52B89A7EB004F7189 /* ContentView.swift in Sources */ = {isa = PBXBuildFile; fileRef = 71E5ABD42B89A7EB004F7189 /* ContentView.swift */; };
		71ED76AF2B919AB40054211C /* HomeView.swift in Sources */ = {isa = PBXBuildFile; fileRef = 71ED76AE2B919AB40054211C /* HomeView.swift */; };
		71ED76B22B919BB20054211C /* MapView.swift in Sources */ = {isa = PBXBuildFile; fileRef = 71ED76B12B919BB20054211C /* MapView.swift */; };
		71ED76B42B919EA00054211C /* MapViewModel.swift in Sources */ = {isa = PBXBuildFile; fileRef = 71ED76B32B919EA00054211C /* MapViewModel.swift */; };
		71ED76B72B919EED0054211C /* MapLocation.swift in Sources */ = {isa = PBXBuildFile; fileRef = 71ED76B62B919EED0054211C /* MapLocation.swift */; };
		71ED76BC2B91A0370054211C /* MapContainer.swift in Sources */ = {isa = PBXBuildFile; fileRef = 71ED76BB2B91A0370054211C /* MapContainer.swift */; };
		71ED76BE2B91A6E30054211C /* LocationBaseManager.swift in Sources */ = {isa = PBXBuildFile; fileRef = 71ED76BD2B91A6E30054211C /* LocationBaseManager.swift */; };
		71ED76C22B91AF340054211C /* TextAlert.swift in Sources */ = {isa = PBXBuildFile; fileRef = 71ED76C12B91AF340054211C /* TextAlert.swift */; };
		71ED76C52B91AF820054211C /* TextInputAlert.swift in Sources */ = {isa = PBXBuildFile; fileRef = 71ED76C42B91AF820054211C /* TextInputAlert.swift */; };
		71ED76CC2B91C27E0054211C /* SystemIconButton.swift in Sources */ = {isa = PBXBuildFile; fileRef = 71ED76CB2B91C27E0054211C /* SystemIconButton.swift */; };
		71ED76CF2B91C2B80054211C /* MapButtonStyle.swift in Sources */ = {isa = PBXBuildFile; fileRef = 71ED76CE2B91C2B80054211C /* MapButtonStyle.swift */; };
/* End PBXBuildFile section */

/* Begin PBXContainerItemProxy section */
		717F89F52B875D4D00C58DD0 /* PBXContainerItemProxy */ = {
			isa = PBXContainerItemProxy;
			containerPortal = 717F89DC2B875D4900C58DD0 /* Project object */;
			proxyType = 1;
			remoteGlobalIDString = 717F89E32B875D4A00C58DD0;
			remoteInfo = Keventy;
		};
		717F89FF2B875D4D00C58DD0 /* PBXContainerItemProxy */ = {
			isa = PBXContainerItemProxy;
			containerPortal = 717F89DC2B875D4900C58DD0 /* Project object */;
			proxyType = 1;
			remoteGlobalIDString = 717F89E32B875D4A00C58DD0;
			remoteInfo = Keventy;
		};
/* End PBXContainerItemProxy section */

/* Begin PBXFileReference section */
		71484EBB2B90C4B100BB88D7 /* Info.plist */ = {isa = PBXFileReference; lastKnownFileType = text.plist; path = Info.plist; sourceTree = "<group>"; };
		7155E4282B907890002902FE /* MatrixUtils.swift */ = {isa = PBXFileReference; fileEncoding = 4; lastKnownFileType = sourcecode.swift; path = MatrixUtils.swift; sourceTree = "<group>"; };
		7155E42A2B907890002902FE /* Data+compressed.swift */ = {isa = PBXFileReference; fileEncoding = 4; lastKnownFileType = sourcecode.swift; path = "Data+compressed.swift"; sourceTree = "<group>"; };
		7155E42B2B907890002902FE /* CLLocation+metrics.swift */ = {isa = PBXFileReference; fileEncoding = 4; lastKnownFileType = sourcecode.swift; path = "CLLocation+metrics.swift"; sourceTree = "<group>"; };
		7155E42C2B907890002902FE /* Float4x4+distance.swift */ = {isa = PBXFileReference; fileEncoding = 4; lastKnownFileType = sourcecode.swift; path = "Float4x4+distance.swift"; sourceTree = "<group>"; };
		7155E42D2B907890002902FE /* FloatingPoint+conversion.swift */ = {isa = PBXFileReference; fileEncoding = 4; lastKnownFileType = sourcecode.swift; path = "FloatingPoint+conversion.swift"; sourceTree = "<group>"; };
		7155E42E2B907890002902FE /* RealityKit+helpers.swift */ = {isa = PBXFileReference; fileEncoding = 4; lastKnownFileType = sourcecode.swift; path = "RealityKit+helpers.swift"; sourceTree = "<group>"; };
		7155E42F2B907890002902FE /* CLLocation+helpers.swift */ = {isa = PBXFileReference; fileEncoding = 4; lastKnownFileType = sourcecode.swift; path = "CLLocation+helpers.swift"; sourceTree = "<group>"; };
		7155E4302B907890002902FE /* SIMD3+angle.swift */ = {isa = PBXFileReference; fileEncoding = 4; lastKnownFileType = sourcecode.swift; path = "SIMD3+angle.swift"; sourceTree = "<group>"; };
		7155E4312B907890002902FE /* URLSession+downloadFile.swift */ = {isa = PBXFileReference; fileEncoding = 4; lastKnownFileType = sourcecode.swift; path = "URLSession+downloadFile.swift"; sourceTree = "<group>"; };
		7155E4322B907890002902FE /* RealityKit+remote.swift */ = {isa = PBXFileReference; fileEncoding = 4; lastKnownFileType = sourcecode.swift; path = "RealityKit+remote.swift"; sourceTree = "<group>"; };
		7155E4332B907890002902FE /* MatrixHelper.swift */ = {isa = PBXFileReference; fileEncoding = 4; lastKnownFileType = sourcecode.swift; path = MatrixHelper.swift; sourceTree = "<group>"; };
		7155E4352B907890002902FE /* LBARView.swift */ = {isa = PBXFileReference; fileEncoding = 4; lastKnownFileType = sourcecode.swift; path = LBARView.swift; sourceTree = "<group>"; };
		7155E4362B907890002902FE /* LBARViewDelegates.swift */ = {isa = PBXFileReference; fileEncoding = 4; lastKnownFileType = sourcecode.swift; path = LBARViewDelegates.swift; sourceTree = "<group>"; };
		7155E4372B907890002902FE /* LBARView+internalTypes.swift */ = {isa = PBXFileReference; fileEncoding = 4; lastKnownFileType = sourcecode.swift; path = "LBARView+internalTypes.swift"; sourceTree = "<group>"; };
		7155E4382B907890002902FE /* LBARView+worldMap.swift */ = {isa = PBXFileReference; fileEncoding = 4; lastKnownFileType = sourcecode.swift; path = "LBARView+worldMap.swift"; sourceTree = "<group>"; };
		7155E4392B907890002902FE /* LBARView+configuration.swift */ = {isa = PBXFileReference; fileEncoding = 4; lastKnownFileType = sourcecode.swift; path = "LBARView+configuration.swift"; sourceTree = "<group>"; };
		7155E43A2B907890002902FE /* LBARView+anchorResolving.swift */ = {isa = PBXFileReference; fileEncoding = 4; lastKnownFileType = sourcecode.swift; path = "LBARView+anchorResolving.swift"; sourceTree = "<group>"; };
		7155E43B2B907890002902FE /* LBARView+trackingStatus.swift */ = {isa = PBXFileReference; fileEncoding = 4; lastKnownFileType = sourcecode.swift; path = "LBARView+trackingStatus.swift"; sourceTree = "<group>"; };
		7155E43C2B907890002902FE /* LBARView+translations.swift */ = {isa = PBXFileReference; fileEncoding = 4; lastKnownFileType = sourcecode.swift; path = "LBARView+translations.swift"; sourceTree = "<group>"; };
		7155E43D2B907890002902FE /* LBARView+scaling.swift */ = {isa = PBXFileReference; fileEncoding = 4; lastKnownFileType = sourcecode.swift; path = "LBARView+scaling.swift"; sourceTree = "<group>"; };
		7155E43E2B907890002902FE /* LBARView+locationUpdates.swift */ = {isa = PBXFileReference; fileEncoding = 4; lastKnownFileType = sourcecode.swift; path = "LBARView+locationUpdates.swift"; sourceTree = "<group>"; };
		7155E4412B907890002902FE /* AnchorMapIndicator.swift */ = {isa = PBXFileReference; fileEncoding = 4; lastKnownFileType = sourcecode.swift; path = AnchorMapIndicator.swift; sourceTree = "<group>"; };
		7155E4422B907890002902FE /* LocationAnchorData.swift */ = {isa = PBXFileReference; fileEncoding = 4; lastKnownFileType = sourcecode.swift; path = LocationAnchorData.swift; sourceTree = "<group>"; };
		7155E4432B907890002902FE /* Placemark.swift */ = {isa = PBXFileReference; fileEncoding = 4; lastKnownFileType = sourcecode.swift; path = Placemark.swift; sourceTree = "<group>"; };
		7155E4452B907890002902FE /* LocationComponent.swift */ = {isa = PBXFileReference; fileEncoding = 4; lastKnownFileType = sourcecode.swift; path = LocationComponent.swift; sourceTree = "<group>"; };
		7155E4472B907890002902FE /* LBAnchor.swift */ = {isa = PBXFileReference; fileEncoding = 4; lastKnownFileType = sourcecode.swift; path = LBAnchor.swift; sourceTree = "<group>"; };
		7155E4492B907890002902FE /* LocationEntity.swift */ = {isa = PBXFileReference; fileEncoding = 4; lastKnownFileType = sourcecode.swift; path = LocationEntity.swift; sourceTree = "<group>"; };
		7155E44B2B907890002902FE /* LocationManagerDelegate.swift */ = {isa = PBXFileReference; fileEncoding = 4; lastKnownFileType = sourcecode.swift; path = LocationManagerDelegate.swift; sourceTree = "<group>"; };
		7155E44C2B907890002902FE /* LocationManager.swift */ = {isa = PBXFileReference; fileEncoding = 4; lastKnownFileType = sourcecode.swift; path = LocationManager.swift; sourceTree = "<group>"; };
		7155E44E2B907890002902FE /* ARWorldMap+helpers.swift */ = {isa = PBXFileReference; fileEncoding = 4; lastKnownFileType = sourcecode.swift; path = "ARWorldMap+helpers.swift"; sourceTree = "<group>"; };
		7155E44F2B907890002902FE /* WorldMapData.swift */ = {isa = PBXFileReference; fileEncoding = 4; lastKnownFileType = sourcecode.swift; path = WorldMapData.swift; sourceTree = "<group>"; };
		71642DC82B90C2550018DBD2 /* toy_robot_vintage.usdz */ = {isa = PBXFileReference; lastKnownFileType = file.usdz; path = toy_robot_vintage.usdz; sourceTree = "<group>"; };
		71642DC92B90C2550018DBD2 /* toy_car.usdz */ = {isa = PBXFileReference; lastKnownFileType = file.usdz; path = toy_car.usdz; sourceTree = "<group>"; };
		71642DCA2B90C2550018DBD2 /* toy_biplane.usdz */ = {isa = PBXFileReference; lastKnownFileType = file.usdz; path = toy_biplane.usdz; sourceTree = "<group>"; };
		716441792B8EF24900048389 /* BeanTagButtons.swift */ = {isa = PBXFileReference; lastKnownFileType = sourcecode.swift; path = BeanTagButtons.swift; sourceTree = "<group>"; };
		717F89E42B875D4A00C58DD0 /* Keventy.app */ = {isa = PBXFileReference; explicitFileType = wrapper.application; includeInIndex = 0; path = Keventy.app; sourceTree = BUILT_PRODUCTS_DIR; };
		717F89E72B875D4A00C58DD0 /* KeventyApp.swift */ = {isa = PBXFileReference; lastKnownFileType = sourcecode.swift; path = KeventyApp.swift; sourceTree = "<group>"; };
		717F89EB2B875D4D00C58DD0 /* Assets.xcassets */ = {isa = PBXFileReference; lastKnownFileType = folder.assetcatalog; path = Assets.xcassets; sourceTree = "<group>"; };
		717F89EE2B875D4D00C58DD0 /* Preview Assets.xcassets */ = {isa = PBXFileReference; lastKnownFileType = folder.assetcatalog; path = "Preview Assets.xcassets"; sourceTree = "<group>"; };
		717F89F42B875D4D00C58DD0 /* KeventyTests.xctest */ = {isa = PBXFileReference; explicitFileType = wrapper.cfbundle; includeInIndex = 0; path = KeventyTests.xctest; sourceTree = BUILT_PRODUCTS_DIR; };
		717F89F82B875D4D00C58DD0 /* KeventyTests.swift */ = {isa = PBXFileReference; lastKnownFileType = sourcecode.swift; path = KeventyTests.swift; sourceTree = "<group>"; };
		717F89FE2B875D4D00C58DD0 /* KeventyUITests.xctest */ = {isa = PBXFileReference; explicitFileType = wrapper.cfbundle; includeInIndex = 0; path = KeventyUITests.xctest; sourceTree = BUILT_PRODUCTS_DIR; };
		717F8A022B875D4D00C58DD0 /* KeventyUITests.swift */ = {isa = PBXFileReference; lastKnownFileType = sourcecode.swift; path = KeventyUITests.swift; sourceTree = "<group>"; };
		717F8A042B875D4D00C58DD0 /* KeventyUITestsLaunchTests.swift */ = {isa = PBXFileReference; lastKnownFileType = sourcecode.swift; path = KeventyUITestsLaunchTests.swift; sourceTree = "<group>"; };
		717F8A162B8766B000C58DD0 /* sneaker_airforce.usdz */ = {isa = PBXFileReference; lastKnownFileType = file.usdz; path = sneaker_airforce.usdz; sourceTree = "<group>"; };
		717F8A1F2B879C8700C58DD0 /* CreateEventSheetView.swift */ = {isa = PBXFileReference; lastKnownFileType = sourcecode.swift; path = CreateEventSheetView.swift; sourceTree = "<group>"; };
		717F8A212B87A38500C58DD0 /* PlacePickerField.swift */ = {isa = PBXFileReference; lastKnownFileType = sourcecode.swift; path = PlacePickerField.swift; sourceTree = "<group>"; };
		717F8A232B87A7C100C58DD0 /* PlacePickerView.swift */ = {isa = PBXFileReference; lastKnownFileType = sourcecode.swift; path = PlacePickerView.swift; sourceTree = "<group>"; };
		71D1E8202B8B6570003FC862 /* BottomBarView.swift */ = {isa = PBXFileReference; lastKnownFileType = sourcecode.swift; path = BottomBarView.swift; sourceTree = "<group>"; };
		71D1E8232B8B8FA7003FC862 /* SheetFactory.swift */ = {isa = PBXFileReference; lastKnownFileType = sourcecode.swift; path = SheetFactory.swift; sourceTree = "<group>"; };
		71D1E82D2B8CEA41003FC862 /* MapExploreView.swift */ = {isa = PBXFileReference; lastKnownFileType = sourcecode.swift; path = MapExploreView.swift; sourceTree = "<group>"; };
		71D1E82F2B8CEB65003FC862 /* Event.swift */ = {isa = PBXFileReference; lastKnownFileType = sourcecode.swift; path = Event.swift; sourceTree = "<group>"; };
		71D1E8352B8D0853003FC862 /* mock.json */ = {isa = PBXFileReference; lastKnownFileType = text.json; path = mock.json; sourceTree = "<group>"; };
		71D1E83D2B8E1AED003FC862 /* EventModel.swift */ = {isa = PBXFileReference; lastKnownFileType = sourcecode.swift; path = EventModel.swift; sourceTree = "<group>"; };
		71D1E8402B8E1C2C003FC862 /* NetworkManager.swift */ = {isa = PBXFileReference; lastKnownFileType = sourcecode.swift; path = NetworkManager.swift; sourceTree = "<group>"; };
		71D1E8422B8E1C4B003FC862 /* API.swift */ = {isa = PBXFileReference; lastKnownFileType = sourcecode.swift; path = API.swift; sourceTree = "<group>"; };
		71DFBC2A2B923BEA00BD3A37 /* UserDefaultsConfig.swift */ = {isa = PBXFileReference; lastKnownFileType = sourcecode.swift; path = UserDefaultsConfig.swift; sourceTree = "<group>"; };
		71DFBC2C2B923C1100BD3A37 /* UserDefault.swift */ = {isa = PBXFileReference; lastKnownFileType = sourcecode.swift; path = UserDefault.swift; sourceTree = "<group>"; };
		71DFBC2E2B923C5800BD3A37 /* UserDefaults+savabale.swift */ = {isa = PBXFileReference; fileEncoding = 4; lastKnownFileType = sourcecode.swift; path = "UserDefaults+savabale.swift"; sourceTree = "<group>"; };
		71DFBC302B923CF300BD3A37 /* LocalData.swift */ = {isa = PBXFileReference; fileEncoding = 4; lastKnownFileType = sourcecode.swift; path = LocalData.swift; sourceTree = "<group>"; };
		71DFBC322B923DC200BD3A37 /* SessionError.swift */ = {isa = PBXFileReference; lastKnownFileType = sourcecode.swift; path = SessionError.swift; sourceTree = "<group>"; };
		71DFBC342B923DE300BD3A37 /* Notification.swift */ = {isa = PBXFileReference; lastKnownFileType = sourcecode.swift; path = Notification.swift; sourceTree = "<group>"; };
		71DFBC372B923E4F00BD3A37 /* ARSessionManager.swift */ = {isa = PBXFileReference; fileEncoding = 4; lastKnownFileType = sourcecode.swift; path = ARSessionManager.swift; sourceTree = "<group>"; };
		71DFBC382B923E4F00BD3A37 /* ARSessionManager+delegates.swift */ = {isa = PBXFileReference; fileEncoding = 4; lastKnownFileType = sourcecode.swift; path = "ARSessionManager+delegates.swift"; sourceTree = "<group>"; };
		71DFBC392B923E4F00BD3A37 /* ARSessionManager+gestures.swift */ = {isa = PBXFileReference; fileEncoding = 4; lastKnownFileType = sourcecode.swift; path = "ARSessionManager+gestures.swift"; sourceTree = "<group>"; };
		71DFBC3A2B923E4F00BD3A37 /* ARSessionManager+anchorManagement.swift */ = {isa = PBXFileReference; fileEncoding = 4; lastKnownFileType = sourcecode.swift; path = "ARSessionManager+anchorManagement.swift"; sourceTree = "<group>"; };
		71DFBC402B923E5C00BD3A37 /* AnnotationComponent.swift */ = {isa = PBXFileReference; fileEncoding = 4; lastKnownFileType = sourcecode.swift; path = AnnotationComponent.swift; sourceTree = "<group>"; };
		71DFBC412B923E5C00BD3A37 /* AnnotationEntity.swift */ = {isa = PBXFileReference; fileEncoding = 4; lastKnownFileType = sourcecode.swift; path = AnnotationEntity.swift; sourceTree = "<group>"; };
		71DFBC422B923E5C00BD3A37 /* AnnotationView.swift */ = {isa = PBXFileReference; fileEncoding = 4; lastKnownFileType = sourcecode.swift; path = AnnotationView.swift; sourceTree = "<group>"; };
		71DFBC472B923E7600BD3A37 /* View+hidden.swift */ = {isa = PBXFileReference; fileEncoding = 4; lastKnownFileType = sourcecode.swift; path = "View+hidden.swift"; sourceTree = "<group>"; };
		71DFBC482B923E7600BD3A37 /* ARView+meshRay.swift */ = {isa = PBXFileReference; fileEncoding = 4; lastKnownFileType = sourcecode.swift; path = "ARView+meshRay.swift"; sourceTree = "<group>"; };
		71DFBC492B923E7600BD3A37 /* Transform+helpers.swift */ = {isa = PBXFileReference; fileEncoding = 4; lastKnownFileType = sourcecode.swift; path = "Transform+helpers.swift"; sourceTree = "<group>"; };
		71DFBC4A2B923E7600BD3A37 /* ModelEntity+simpleModels.swift */ = {isa = PBXFileReference; fileEncoding = 4; lastKnownFileType = sourcecode.swift; path = "ModelEntity+simpleModels.swift"; sourceTree = "<group>"; };
		71DFBC4B2B923E7600BD3A37 /* View+alert.swift */ = {isa = PBXFileReference; fileEncoding = 4; lastKnownFileType = sourcecode.swift; path = "View+alert.swift"; sourceTree = "<group>"; };
		71DFBC4C2B923E7600BD3A37 /* Alert+toSettings.swift */ = {isa = PBXFileReference; fileEncoding = 4; lastKnownFileType = sourcecode.swift; path = "Alert+toSettings.swift"; sourceTree = "<group>"; };
		71DFBC4D2B923E7600BD3A37 /* Color+system.swift */ = {isa = PBXFileReference; fileEncoding = 4; lastKnownFileType = sourcecode.swift; path = "Color+system.swift"; sourceTree = "<group>"; };
		71DFBC4E2B923E7600BD3A37 /* ARView+updateOptions.swift */ = {isa = PBXFileReference; fileEncoding = 4; lastKnownFileType = sourcecode.swift; path = "ARView+updateOptions.swift"; sourceTree = "<group>"; };
		71DFBC4F2B923E7600BD3A37 /* CLLocationCoordinate+description.swift */ = {isa = PBXFileReference; fileEncoding = 4; lastKnownFileType = sourcecode.swift; path = "CLLocationCoordinate+description.swift"; sourceTree = "<group>"; };
		71DFBC5A2B923EBC00BD3A37 /* ARControls.swift */ = {isa = PBXFileReference; fileEncoding = 4; lastKnownFileType = sourcecode.swift; path = ARControls.swift; sourceTree = "<group>"; };
		71DFBC5B2B923EBC00BD3A37 /* ARViewContainer.swift */ = {isa = PBXFileReference; fileEncoding = 4; lastKnownFileType = sourcecode.swift; path = ARViewContainer.swift; sourceTree = "<group>"; };
		71DFBC5C2B923EBC00BD3A37 /* FocusedARView.swift */ = {isa = PBXFileReference; fileEncoding = 4; lastKnownFileType = sourcecode.swift; path = FocusedARView.swift; sourceTree = "<group>"; };
		71E5ABAB2B885673004F7189 /* Contants.swift */ = {isa = PBXFileReference; lastKnownFileType = sourcecode.swift; path = Contants.swift; sourceTree = "<group>"; };
		71E5ABAE2B885704004F7189 /* User.swift */ = {isa = PBXFileReference; lastKnownFileType = sourcecode.swift; path = User.swift; sourceTree = "<group>"; };
		71E5ABB42B885C6B004F7189 /* ExplorePage.swift */ = {isa = PBXFileReference; lastKnownFileType = sourcecode.swift; path = ExplorePage.swift; sourceTree = "<group>"; };
		71E5ABB62B885CDA004F7189 /* TimeSelectionView.swift */ = {isa = PBXFileReference; lastKnownFileType = sourcecode.swift; path = TimeSelectionView.swift; sourceTree = "<group>"; };
		71E5ABB82B886B90004F7189 /* .gitignore */ = {isa = PBXFileReference; lastKnownFileType = text; path = .gitignore; sourceTree = "<group>"; };
		71E5ABD22B88D5EB004F7189 /* EventCardView.swift */ = {isa = PBXFileReference; lastKnownFileType = sourcecode.swift; path = EventCardView.swift; sourceTree = "<group>"; };
		71E5ABD42B89A7EB004F7189 /* ContentView.swift */ = {isa = PBXFileReference; lastKnownFileType = sourcecode.swift; path = ContentView.swift; sourceTree = "<group>"; };
		71ED76AE2B919AB40054211C /* HomeView.swift */ = {isa = PBXFileReference; lastKnownFileType = sourcecode.swift; path = HomeView.swift; sourceTree = "<group>"; };
		71ED76B12B919BB20054211C /* MapView.swift */ = {isa = PBXFileReference; lastKnownFileType = sourcecode.swift; path = MapView.swift; sourceTree = "<group>"; };
		71ED76B32B919EA00054211C /* MapViewModel.swift */ = {isa = PBXFileReference; lastKnownFileType = sourcecode.swift; name = MapViewModel.swift; path = Keventy/Core/Home/View/Map/MapViewModel.swift; sourceTree = SOURCE_ROOT; };
		71ED76B62B919EED0054211C /* MapLocation.swift */ = {isa = PBXFileReference; lastKnownFileType = sourcecode.swift; path = MapLocation.swift; sourceTree = "<group>"; };
		71ED76BB2B91A0370054211C /* MapContainer.swift */ = {isa = PBXFileReference; lastKnownFileType = sourcecode.swift; path = MapContainer.swift; sourceTree = "<group>"; };
		71ED76BD2B91A6E30054211C /* LocationBaseManager.swift */ = {isa = PBXFileReference; lastKnownFileType = sourcecode.swift; name = LocationBaseManager.swift; path = Keventy/Core/Home/View/Map/LocationBaseManager.swift; sourceTree = SOURCE_ROOT; };
		71ED76C12B91AF340054211C /* TextAlert.swift */ = {isa = PBXFileReference; lastKnownFileType = sourcecode.swift; path = TextAlert.swift; sourceTree = "<group>"; };
		71ED76C42B91AF820054211C /* TextInputAlert.swift */ = {isa = PBXFileReference; lastKnownFileType = sourcecode.swift; path = TextInputAlert.swift; sourceTree = "<group>"; };
		71ED76CB2B91C27E0054211C /* SystemIconButton.swift */ = {isa = PBXFileReference; lastKnownFileType = sourcecode.swift; path = SystemIconButton.swift; sourceTree = "<group>"; };
		71ED76CE2B91C2B80054211C /* MapButtonStyle.swift */ = {isa = PBXFileReference; lastKnownFileType = sourcecode.swift; path = MapButtonStyle.swift; sourceTree = "<group>"; };
/* End PBXFileReference section */

/* Begin PBXFrameworksBuildPhase section */
		717F89E12B875D4A00C58DD0 /* Frameworks */ = {
			isa = PBXFrameworksBuildPhase;
			buildActionMask = 2147483647;
			files = (
				71642D4F2B90ACD40018DBD2 /* RxMoya in Frameworks */,
				71642D462B90AB6D0018DBD2 /* FocusEntity in Frameworks */,
				71642D432B90AB590018DBD2 /* Kingfisher in Frameworks */,
				71642D4B2B90ACD40018DBD2 /* Moya in Frameworks */,
				71642D4D2B90ACD40018DBD2 /* ReactiveMoya in Frameworks */,
				71642D492B90ACD40018DBD2 /* CombineMoya in Frameworks */,
			);
			runOnlyForDeploymentPostprocessing = 0;
		};
		717F89F12B875D4D00C58DD0 /* Frameworks */ = {
			isa = PBXFrameworksBuildPhase;
			buildActionMask = 2147483647;
			files = (
			);
			runOnlyForDeploymentPostprocessing = 0;
		};
		717F89FB2B875D4D00C58DD0 /* Frameworks */ = {
			isa = PBXFrameworksBuildPhase;
			buildActionMask = 2147483647;
			files = (
			);
			runOnlyForDeploymentPostprocessing = 0;
		};
/* End PBXFrameworksBuildPhase section */

/* Begin PBXGroup section */
		7155E4262B907890002902FE /* LocationBasedAR */ = {
			isa = PBXGroup;
			children = (
				7155E4272B907890002902FE /* Utils */,
				7155E4342B907890002902FE /* LocationBasedARView */,
				7155E43F2B907890002902FE /* LocationAnchors */,
				7155E44A2B907890002902FE /* LocationManager */,
				7155E44D2B907890002902FE /* WorldMap */,
			);
			path = LocationBasedAR;
			sourceTree = "<group>";
		};
		7155E4272B907890002902FE /* Utils */ = {
			isa = PBXGroup;
			children = (
				7155E4282B907890002902FE /* MatrixUtils.swift */,
				7155E4292B907890002902FE /* Extensions */,
				7155E4322B907890002902FE /* RealityKit+remote.swift */,
				7155E4332B907890002902FE /* MatrixHelper.swift */,
			);
			path = Utils;
			sourceTree = "<group>";
		};
		7155E4292B907890002902FE /* Extensions */ = {
			isa = PBXGroup;
			children = (
				7155E42A2B907890002902FE /* Data+compressed.swift */,
				7155E42B2B907890002902FE /* CLLocation+metrics.swift */,
				7155E42C2B907890002902FE /* Float4x4+distance.swift */,
				7155E42D2B907890002902FE /* FloatingPoint+conversion.swift */,
				7155E42E2B907890002902FE /* RealityKit+helpers.swift */,
				7155E42F2B907890002902FE /* CLLocation+helpers.swift */,
				7155E4302B907890002902FE /* SIMD3+angle.swift */,
				7155E4312B907890002902FE /* URLSession+downloadFile.swift */,
			);
			path = Extensions;
			sourceTree = "<group>";
		};
		7155E4342B907890002902FE /* LocationBasedARView */ = {
			isa = PBXGroup;
			children = (
				7155E4352B907890002902FE /* LBARView.swift */,
				7155E4362B907890002902FE /* LBARViewDelegates.swift */,
				7155E4372B907890002902FE /* LBARView+internalTypes.swift */,
				7155E4382B907890002902FE /* LBARView+worldMap.swift */,
				7155E4392B907890002902FE /* LBARView+configuration.swift */,
				7155E43A2B907890002902FE /* LBARView+anchorResolving.swift */,
				7155E43B2B907890002902FE /* LBARView+trackingStatus.swift */,
				7155E43C2B907890002902FE /* LBARView+translations.swift */,
				7155E43D2B907890002902FE /* LBARView+scaling.swift */,
				7155E43E2B907890002902FE /* LBARView+locationUpdates.swift */,
			);
			path = LocationBasedARView;
			sourceTree = "<group>";
		};
		7155E43F2B907890002902FE /* LocationAnchors */ = {
			isa = PBXGroup;
			children = (
				7155E4402B907890002902FE /* LocationData */,
				7155E4442B907890002902FE /* Components */,
				7155E4462B907890002902FE /* Anchors */,
				7155E4482B907890002902FE /* Entities */,
			);
			path = LocationAnchors;
			sourceTree = "<group>";
		};
		7155E4402B907890002902FE /* LocationData */ = {
			isa = PBXGroup;
			children = (
				7155E4412B907890002902FE /* AnchorMapIndicator.swift */,
				7155E4422B907890002902FE /* LocationAnchorData.swift */,
				7155E4432B907890002902FE /* Placemark.swift */,
			);
			path = LocationData;
			sourceTree = "<group>";
		};
		7155E4442B907890002902FE /* Components */ = {
			isa = PBXGroup;
			children = (
				7155E4452B907890002902FE /* LocationComponent.swift */,
			);
			path = Components;
			sourceTree = "<group>";
		};
		7155E4462B907890002902FE /* Anchors */ = {
			isa = PBXGroup;
			children = (
				7155E4472B907890002902FE /* LBAnchor.swift */,
			);
			path = Anchors;
			sourceTree = "<group>";
		};
		7155E4482B907890002902FE /* Entities */ = {
			isa = PBXGroup;
			children = (
				7155E4492B907890002902FE /* LocationEntity.swift */,
			);
			path = Entities;
			sourceTree = "<group>";
		};
		7155E44A2B907890002902FE /* LocationManager */ = {
			isa = PBXGroup;
			children = (
				7155E44B2B907890002902FE /* LocationManagerDelegate.swift */,
				7155E44C2B907890002902FE /* LocationManager.swift */,
			);
			path = LocationManager;
			sourceTree = "<group>";
		};
		7155E44D2B907890002902FE /* WorldMap */ = {
			isa = PBXGroup;
			children = (
				7155E44E2B907890002902FE /* ARWorldMap+helpers.swift */,
				7155E44F2B907890002902FE /* WorldMapData.swift */,
			);
			path = WorldMap;
			sourceTree = "<group>";
		};
		71642B552B909E7C0018DBD2 /* Submodule */ = {
			isa = PBXGroup;
			children = (
				7155E4262B907890002902FE /* LocationBasedAR */,
			);
			path = Submodule;
			sourceTree = "<group>";
		};
		71642DC72B90C2550018DBD2 /* USDZAssets */ = {
			isa = PBXGroup;
			children = (
				717F8A162B8766B000C58DD0 /* sneaker_airforce.usdz */,
				71642DC82B90C2550018DBD2 /* toy_robot_vintage.usdz */,
				71642DC92B90C2550018DBD2 /* toy_car.usdz */,
				71642DCA2B90C2550018DBD2 /* toy_biplane.usdz */,
			);
			path = USDZAssets;
			sourceTree = "<group>";
		};
		717F89DB2B875D4900C58DD0 = {
			isa = PBXGroup;
			children = (
				71E5ABB82B886B90004F7189 /* .gitignore */,
				717F89E62B875D4A00C58DD0 /* Keventy */,
				717F89F72B875D4D00C58DD0 /* KeventyTests */,
				717F8A012B875D4D00C58DD0 /* KeventyUITests */,
				717F89E52B875D4A00C58DD0 /* Products */,
			);
			sourceTree = "<group>";
		};
		717F89E52B875D4A00C58DD0 /* Products */ = {
			isa = PBXGroup;
			children = (
				717F89E42B875D4A00C58DD0 /* Keventy.app */,
				717F89F42B875D4D00C58DD0 /* KeventyTests.xctest */,
				717F89FE2B875D4D00C58DD0 /* KeventyUITests.xctest */,
			);
			name = Products;
			sourceTree = "<group>";
		};
		717F89E62B875D4A00C58DD0 /* Keventy */ = {
			isa = PBXGroup;
			children = (
				71DFBC462B923E7600BD3A37 /* Extensions */,
				71DFBC292B923BD400BD3A37 /* Persistence */,
				71484EBB2B90C4B100BB88D7 /* Info.plist */,
				71642DC72B90C2550018DBD2 /* USDZAssets */,
				71642B552B909E7C0018DBD2 /* Submodule */,
				71D1E83F2B8E1C19003FC862 /* Service */,
				71E5ABAD2B8856FC004F7189 /* Models */,
				71E5ABA12B8849DD004F7189 /* Core */,
				717F89E72B875D4A00C58DD0 /* KeventyApp.swift */,
				717F89EB2B875D4D00C58DD0 /* Assets.xcassets */,
				717F89ED2B875D4D00C58DD0 /* Preview Content */,
				71E5ABAB2B885673004F7189 /* Contants.swift */,
			);
			path = Keventy;
			sourceTree = "<group>";
		};
		717F89ED2B875D4D00C58DD0 /* Preview Content */ = {
			isa = PBXGroup;
			children = (
				717F89EE2B875D4D00C58DD0 /* Preview Assets.xcassets */,
			);
			path = "Preview Content";
			sourceTree = "<group>";
		};
		717F89F72B875D4D00C58DD0 /* KeventyTests */ = {
			isa = PBXGroup;
			children = (
				717F89F82B875D4D00C58DD0 /* KeventyTests.swift */,
			);
			path = KeventyTests;
			sourceTree = "<group>";
		};
		717F8A012B875D4D00C58DD0 /* KeventyUITests */ = {
			isa = PBXGroup;
			children = (
				717F8A022B875D4D00C58DD0 /* KeventyUITests.swift */,
				717F8A042B875D4D00C58DD0 /* KeventyUITestsLaunchTests.swift */,
			);
			path = KeventyUITests;
			sourceTree = "<group>";
		};
		71D1E8222B8B8F8A003FC862 /* Sheet */ = {
			isa = PBXGroup;
			children = (
				71D1E8252B8C658A003FC862 /* CreateEvent */,
				71D1E8232B8B8FA7003FC862 /* SheetFactory.swift */,
			);
			path = Sheet;
			sourceTree = "<group>";
		};
		71D1E8252B8C658A003FC862 /* CreateEvent */ = {
			isa = PBXGroup;
			children = (
				717F8A1F2B879C8700C58DD0 /* CreateEventSheetView.swift */,
				717F8A212B87A38500C58DD0 /* PlacePickerField.swift */,
				717F8A232B87A7C100C58DD0 /* PlacePickerView.swift */,
			);
			path = CreateEvent;
			sourceTree = "<group>";
		};
		71D1E8312B8CF3F3003FC862 /* View */ = {
			isa = PBXGroup;
			children = (
				71E5ABB62B885CDA004F7189 /* TimeSelectionView.swift */,
				71D1E82D2B8CEA41003FC862 /* MapExploreView.swift */,
				71E5ABB42B885C6B004F7189 /* ExplorePage.swift */,
				716441792B8EF24900048389 /* BeanTagButtons.swift */,
			);
			path = View;
			sourceTree = "<group>";
		};
		71D1E83C2B8E1AC2003FC862 /* ViewModel */ = {
			isa = PBXGroup;
			children = (
				71DFBC362B923E4F00BD3A37 /* ARSessionManager */,
				71ED76B32B919EA00054211C /* MapViewModel.swift */,
				71ED76BD2B91A6E30054211C /* LocationBaseManager.swift */,
			);
			name = ViewModel;
			path = ../Explore/ViewModel;
			sourceTree = "<group>";
		};
		71D1E83F2B8E1C19003FC862 /* Service */ = {
			isa = PBXGroup;
			children = (
				71D1E8402B8E1C2C003FC862 /* NetworkManager.swift */,
				71D1E8422B8E1C4B003FC862 /* API.swift */,
			);
			path = Service;
			sourceTree = "<group>";
		};
		71DFBC292B923BD400BD3A37 /* Persistence */ = {
			isa = PBXGroup;
			children = (
				71DFBC302B923CF300BD3A37 /* LocalData.swift */,
				71DFBC2E2B923C5800BD3A37 /* UserDefaults+savabale.swift */,
				71DFBC2A2B923BEA00BD3A37 /* UserDefaultsConfig.swift */,
				71DFBC2C2B923C1100BD3A37 /* UserDefault.swift */,
			);
			path = Persistence;
			sourceTree = "<group>";
		};
		71DFBC362B923E4F00BD3A37 /* ARSessionManager */ = {
			isa = PBXGroup;
			children = (
				71DFBC372B923E4F00BD3A37 /* ARSessionManager.swift */,
				71DFBC382B923E4F00BD3A37 /* ARSessionManager+delegates.swift */,
				71DFBC392B923E4F00BD3A37 /* ARSessionManager+gestures.swift */,
				71DFBC3A2B923E4F00BD3A37 /* ARSessionManager+anchorManagement.swift */,
			);
			path = ARSessionManager;
			sourceTree = "<group>";
		};
		71DFBC3F2B923E5C00BD3A37 /* Annotation */ = {
			isa = PBXGroup;
			children = (
				71DFBC402B923E5C00BD3A37 /* AnnotationComponent.swift */,
				71DFBC412B923E5C00BD3A37 /* AnnotationEntity.swift */,
				71DFBC422B923E5C00BD3A37 /* AnnotationView.swift */,
			);
			path = Annotation;
			sourceTree = "<group>";
		};
		71DFBC462B923E7600BD3A37 /* Extensions */ = {
			isa = PBXGroup;
			children = (
				71DFBC472B923E7600BD3A37 /* View+hidden.swift */,
				71DFBC482B923E7600BD3A37 /* ARView+meshRay.swift */,
				71DFBC492B923E7600BD3A37 /* Transform+helpers.swift */,
				71DFBC4A2B923E7600BD3A37 /* ModelEntity+simpleModels.swift */,
				71DFBC4B2B923E7600BD3A37 /* View+alert.swift */,
				71DFBC4C2B923E7600BD3A37 /* Alert+toSettings.swift */,
				71DFBC4D2B923E7600BD3A37 /* Color+system.swift */,
				71DFBC4E2B923E7600BD3A37 /* ARView+updateOptions.swift */,
				71DFBC4F2B923E7600BD3A37 /* CLLocationCoordinate+description.swift */,
			);
			path = Extensions;
			sourceTree = "<group>";
		};
		71DFBC592B923EBC00BD3A37 /* AR */ = {
			isa = PBXGroup;
			children = (
				71DFBC5A2B923EBC00BD3A37 /* ARControls.swift */,
				71DFBC5B2B923EBC00BD3A37 /* ARViewContainer.swift */,
				71DFBC5C2B923EBC00BD3A37 /* FocusedARView.swift */,
			);
			path = AR;
			sourceTree = "<group>";
		};
		71E5ABA12B8849DD004F7189 /* Core */ = {
			isa = PBXGroup;
			children = (
				71ED76AC2B919AA20054211C /* Home */,
				71E5ABD02B88D5AD004F7189 /* Common */,
				71E5ABA22B884A0A004F7189 /* Explore */,
				71E5ABD42B89A7EB004F7189 /* ContentView.swift */,
			);
			path = Core;
			sourceTree = "<group>";
		};
		71E5ABA22B884A0A004F7189 /* Explore */ = {
			isa = PBXGroup;
			children = (
				71D1E8312B8CF3F3003FC862 /* View */,
			);
			path = Explore;
			sourceTree = "<group>";
		};
		71E5ABAD2B8856FC004F7189 /* Models */ = {
			isa = PBXGroup;
			children = (
				71D1E83D2B8E1AED003FC862 /* EventModel.swift */,
				71E5ABAE2B885704004F7189 /* User.swift */,
				71D1E82F2B8CEB65003FC862 /* Event.swift */,
				71D1E8352B8D0853003FC862 /* mock.json */,
			);
			path = Models;
			sourceTree = "<group>";
		};
		71E5ABD02B88D5AD004F7189 /* Common */ = {
			isa = PBXGroup;
			children = (
				71D1E8222B8B8F8A003FC862 /* Sheet */,
				71E5ABD12B88D5BC004F7189 /* View */,
			);
			path = Common;
			sourceTree = "<group>";
		};
		71E5ABD12B88D5BC004F7189 /* View */ = {
			isa = PBXGroup;
			children = (
				71E5ABD22B88D5EB004F7189 /* EventCardView.swift */,
				71D1E8202B8B6570003FC862 /* BottomBarView.swift */,
			);
			path = View;
			sourceTree = "<group>";
		};
		71ED76AC2B919AA20054211C /* Home */ = {
			isa = PBXGroup;
			children = (
				71ED76B52B919EDE0054211C /* Model */,
				71D1E83C2B8E1AC2003FC862 /* ViewModel */,
				71ED76AD2B919AA90054211C /* View */,
			);
			path = Home;
			sourceTree = "<group>";
		};
		71ED76AD2B919AA90054211C /* View */ = {
			isa = PBXGroup;
			children = (
				71DFBC3F2B923E5C00BD3A37 /* Annotation */,
				71DFBC592B923EBC00BD3A37 /* AR */,
				71ED76CD2B91C2AB0054211C /* UIStyles */,
				71ED76C32B91AF660054211C /* UIComponents */,
				71ED76B02B919BA60054211C /* Map */,
				71ED76AE2B919AB40054211C /* HomeView.swift */,
			);
			path = View;
			sourceTree = "<group>";
		};
		71ED76B02B919BA60054211C /* Map */ = {
			isa = PBXGroup;
			children = (
				71ED76B12B919BB20054211C /* MapView.swift */,
				71ED76BB2B91A0370054211C /* MapContainer.swift */,
			);
			path = Map;
			sourceTree = "<group>";
		};
		71ED76B52B919EDE0054211C /* Model */ = {
			isa = PBXGroup;
			children = (
				71ED76B62B919EED0054211C /* MapLocation.swift */,
				71ED76C12B91AF340054211C /* TextAlert.swift */,
				71DFBC322B923DC200BD3A37 /* SessionError.swift */,
				71DFBC342B923DE300BD3A37 /* Notification.swift */,
			);
			path = Model;
			sourceTree = "<group>";
		};
		71ED76C32B91AF660054211C /* UIComponents */ = {
			isa = PBXGroup;
			children = (
				71ED76CA2B91C26D0054211C /* Buttons */,
				71ED76C42B91AF820054211C /* TextInputAlert.swift */,
			);
			path = UIComponents;
			sourceTree = "<group>";
		};
		71ED76CA2B91C26D0054211C /* Buttons */ = {
			isa = PBXGroup;
			children = (
				71ED76CB2B91C27E0054211C /* SystemIconButton.swift */,
			);
			path = Buttons;
			sourceTree = "<group>";
		};
		71ED76CD2B91C2AB0054211C /* UIStyles */ = {
			isa = PBXGroup;
			children = (
				71ED76CE2B91C2B80054211C /* MapButtonStyle.swift */,
			);
			path = UIStyles;
			sourceTree = "<group>";
		};
/* End PBXGroup section */

/* Begin PBXNativeTarget section */
		717F89E32B875D4A00C58DD0 /* Keventy */ = {
			isa = PBXNativeTarget;
			buildConfigurationList = 717F8A082B875D4D00C58DD0 /* Build configuration list for PBXNativeTarget "Keventy" */;
			buildPhases = (
				717F89E02B875D4A00C58DD0 /* Sources */,
				717F89E12B875D4A00C58DD0 /* Frameworks */,
				717F89E22B875D4A00C58DD0 /* Resources */,
			);
			buildRules = (
			);
			dependencies = (
			);
			name = Keventy;
			packageProductDependencies = (
				71642D422B90AB590018DBD2 /* Kingfisher */,
				71642D452B90AB6D0018DBD2 /* FocusEntity */,
				71642D482B90ACD40018DBD2 /* CombineMoya */,
				71642D4A2B90ACD40018DBD2 /* Moya */,
				71642D4C2B90ACD40018DBD2 /* ReactiveMoya */,
				71642D4E2B90ACD40018DBD2 /* RxMoya */,
			);
			productName = Keventy;
			productReference = 717F89E42B875D4A00C58DD0 /* Keventy.app */;
			productType = "com.apple.product-type.application";
		};
		717F89F32B875D4D00C58DD0 /* KeventyTests */ = {
			isa = PBXNativeTarget;
			buildConfigurationList = 717F8A0B2B875D4D00C58DD0 /* Build configuration list for PBXNativeTarget "KeventyTests" */;
			buildPhases = (
				717F89F02B875D4D00C58DD0 /* Sources */,
				717F89F12B875D4D00C58DD0 /* Frameworks */,
				717F89F22B875D4D00C58DD0 /* Resources */,
			);
			buildRules = (
			);
			dependencies = (
				717F89F62B875D4D00C58DD0 /* PBXTargetDependency */,
			);
			name = KeventyTests;
			productName = KeventyTests;
			productReference = 717F89F42B875D4D00C58DD0 /* KeventyTests.xctest */;
			productType = "com.apple.product-type.bundle.unit-test";
		};
		717F89FD2B875D4D00C58DD0 /* KeventyUITests */ = {
			isa = PBXNativeTarget;
			buildConfigurationList = 717F8A0E2B875D4D00C58DD0 /* Build configuration list for PBXNativeTarget "KeventyUITests" */;
			buildPhases = (
				717F89FA2B875D4D00C58DD0 /* Sources */,
				717F89FB2B875D4D00C58DD0 /* Frameworks */,
				717F89FC2B875D4D00C58DD0 /* Resources */,
			);
			buildRules = (
			);
			dependencies = (
				717F8A002B875D4D00C58DD0 /* PBXTargetDependency */,
			);
			name = KeventyUITests;
			productName = KeventyUITests;
			productReference = 717F89FE2B875D4D00C58DD0 /* KeventyUITests.xctest */;
			productType = "com.apple.product-type.bundle.ui-testing";
		};
/* End PBXNativeTarget section */

/* Begin PBXProject section */
		717F89DC2B875D4900C58DD0 /* Project object */ = {
			isa = PBXProject;
			attributes = {
				BuildIndependentTargetsInParallel = 1;
				LastSwiftUpdateCheck = 1520;
				LastUpgradeCheck = 1520;
				TargetAttributes = {
					717F89E32B875D4A00C58DD0 = {
						CreatedOnToolsVersion = 15.2;
					};
					717F89F32B875D4D00C58DD0 = {
						CreatedOnToolsVersion = 15.2;
						TestTargetID = 717F89E32B875D4A00C58DD0;
					};
					717F89FD2B875D4D00C58DD0 = {
						CreatedOnToolsVersion = 15.2;
						TestTargetID = 717F89E32B875D4A00C58DD0;
					};
				};
			};
			buildConfigurationList = 717F89DF2B875D4900C58DD0 /* Build configuration list for PBXProject "Keventy" */;
			compatibilityVersion = "Xcode 14.0";
			developmentRegion = en;
			hasScannedForEncodings = 0;
			knownRegions = (
				en,
				Base,
			);
			mainGroup = 717F89DB2B875D4900C58DD0;
			packageReferences = (
				71642D412B90AB590018DBD2 /* XCRemoteSwiftPackageReference "Kingfisher" */,
				71642D442B90AB6D0018DBD2 /* XCRemoteSwiftPackageReference "FocusEntity" */,
				71642D472B90ABB70018DBD2 /* XCRemoteSwiftPackageReference "Moya" */,
			);
			productRefGroup = 717F89E52B875D4A00C58DD0 /* Products */;
			projectDirPath = "";
			projectRoot = "";
			targets = (
				717F89E32B875D4A00C58DD0 /* Keventy */,
				717F89F32B875D4D00C58DD0 /* KeventyTests */,
				717F89FD2B875D4D00C58DD0 /* KeventyUITests */,
			);
		};
/* End PBXProject section */

/* Begin PBXResourcesBuildPhase section */
		717F89E22B875D4A00C58DD0 /* Resources */ = {
			isa = PBXResourcesBuildPhase;
			buildActionMask = 2147483647;
			files = (
				71E5ABB92B886B90004F7189 /* .gitignore in Resources */,
				717F89EF2B875D4D00C58DD0 /* Preview Assets.xcassets in Resources */,
				71642DCD2B90C2560018DBD2 /* toy_biplane.usdz in Resources */,
				71642DCC2B90C2560018DBD2 /* toy_car.usdz in Resources */,
				71642DCB2B90C2550018DBD2 /* toy_robot_vintage.usdz in Resources */,
				717F8A172B8766B000C58DD0 /* sneaker_airforce.usdz in Resources */,
				717F89EC2B875D4D00C58DD0 /* Assets.xcassets in Resources */,
				71D1E8362B8D0853003FC862 /* mock.json in Resources */,
			);
			runOnlyForDeploymentPostprocessing = 0;
		};
		717F89F22B875D4D00C58DD0 /* Resources */ = {
			isa = PBXResourcesBuildPhase;
			buildActionMask = 2147483647;
			files = (
			);
			runOnlyForDeploymentPostprocessing = 0;
		};
		717F89FC2B875D4D00C58DD0 /* Resources */ = {
			isa = PBXResourcesBuildPhase;
			buildActionMask = 2147483647;
			files = (
			);
			runOnlyForDeploymentPostprocessing = 0;
		};
/* End PBXResourcesBuildPhase section */

/* Begin PBXSourcesBuildPhase section */
		717F89E02B875D4A00C58DD0 /* Sources */ = {
			isa = PBXSourcesBuildPhase;
			buildActionMask = 2147483647;
			files = (
				7155E45C2B907890002902FE /* LBARViewDelegates.swift in Sources */,
				71DFBC3D2B923E4F00BD3A37 /* ARSessionManager+gestures.swift in Sources */,
				71E5ABD32B88D5EB004F7189 /* EventCardView.swift in Sources */,
				71DFBC512B923E7600BD3A37 /* ARView+meshRay.swift in Sources */,
				7155E45F2B907890002902FE /* LBARView+configuration.swift in Sources */,
				71ED76AF2B919AB40054211C /* HomeView.swift in Sources */,
				71DFBC502B923E7600BD3A37 /* View+hidden.swift in Sources */,
				717F8A242B87A7C100C58DD0 /* PlacePickerView.swift in Sources */,
				717F8A222B87A38500C58DD0 /* PlacePickerField.swift in Sources */,
				71D1E83E2B8E1AED003FC862 /* EventModel.swift in Sources */,
				71DFBC2F2B923C5800BD3A37 /* UserDefaults+savabale.swift in Sources */,
				71D1E8432B8E1C4B003FC862 /* API.swift in Sources */,
				71DFBC552B923E7600BD3A37 /* Alert+toSettings.swift in Sources */,
				71DFBC572B923E7600BD3A37 /* ARView+updateOptions.swift in Sources */,
				7155E45A2B907890002902FE /* MatrixHelper.swift in Sources */,
				7155E4592B907890002902FE /* RealityKit+remote.swift in Sources */,
				71ED76C52B91AF820054211C /* TextInputAlert.swift in Sources */,
				7155E4542B907890002902FE /* FloatingPoint+conversion.swift in Sources */,
				7155E4662B907890002902FE /* LocationAnchorData.swift in Sources */,
				7155E4512B907890002902FE /* Data+compressed.swift in Sources */,
				71DFBC312B923CF300BD3A37 /* LocalData.swift in Sources */,
				71DFBC582B923E7600BD3A37 /* CLLocationCoordinate+description.swift in Sources */,
				71DFBC2D2B923C1100BD3A37 /* UserDefault.swift in Sources */,
				71DFBC332B923DC200BD3A37 /* SessionError.swift in Sources */,
				7164417A2B8EF24900048389 /* BeanTagButtons.swift in Sources */,
				71DFBC562B923E7600BD3A37 /* Color+system.swift in Sources */,
				7155E4672B907890002902FE /* Placemark.swift in Sources */,
				71ED76B72B919EED0054211C /* MapLocation.swift in Sources */,
				7155E4692B907890002902FE /* LBAnchor.swift in Sources */,
				71D1E8212B8B6570003FC862 /* BottomBarView.swift in Sources */,
				7155E4572B907890002902FE /* SIMD3+angle.swift in Sources */,
				7155E4652B907890002902FE /* AnchorMapIndicator.swift in Sources */,
				717F89E82B875D4A00C58DD0 /* KeventyApp.swift in Sources */,
				71D1E82E2B8CEA41003FC862 /* MapExploreView.swift in Sources */,
				7155E4502B907890002902FE /* MatrixUtils.swift in Sources */,
				71DFBC3E2B923E4F00BD3A37 /* ARSessionManager+anchorManagement.swift in Sources */,
				71E5ABB52B885C6B004F7189 /* ExplorePage.swift in Sources */,
				7155E46C2B907890002902FE /* LocationManager.swift in Sources */,
				7155E4632B907890002902FE /* LBARView+scaling.swift in Sources */,
				7155E45E2B907890002902FE /* LBARView+worldMap.swift in Sources */,
				7155E4562B907890002902FE /* CLLocation+helpers.swift in Sources */,
				7155E4642B907890002902FE /* LBARView+locationUpdates.swift in Sources */,
				71DFBC432B923E5C00BD3A37 /* AnnotationComponent.swift in Sources */,
				7155E46B2B907890002902FE /* LocationManagerDelegate.swift in Sources */,
				71ED76CF2B91C2B80054211C /* MapButtonStyle.swift in Sources */,
				7155E46A2B907890002902FE /* LocationEntity.swift in Sources */,
				7155E46D2B907890002902FE /* ARWorldMap+helpers.swift in Sources */,
				7155E4582B907890002902FE /* URLSession+downloadFile.swift in Sources */,
				71D1E8412B8E1C2C003FC862 /* NetworkManager.swift in Sources */,
				71DFBC542B923E7600BD3A37 /* View+alert.swift in Sources */,
				7155E4682B907890002902FE /* LocationComponent.swift in Sources */,
				71ED76BE2B91A6E30054211C /* LocationBaseManager.swift in Sources */,
				71D1E8302B8CEB65003FC862 /* Event.swift in Sources */,
				71DFBC3C2B923E4F00BD3A37 /* ARSessionManager+delegates.swift in Sources */,
				7155E4522B907890002902FE /* CLLocation+metrics.swift in Sources */,
				71DFBC442B923E5C00BD3A37 /* AnnotationEntity.swift in Sources */,
				7155E4622B907890002902FE /* LBARView+translations.swift in Sources */,
				71DFBC452B923E5C00BD3A37 /* AnnotationView.swift in Sources */,
				7155E46E2B907890002902FE /* WorldMapData.swift in Sources */,
				71E5ABAC2B885673004F7189 /* Contants.swift in Sources */,
				71DFBC5D2B923EBC00BD3A37 /* ARControls.swift in Sources */,
				7155E4602B907890002902FE /* LBARView+anchorResolving.swift in Sources */,
				71ED76C22B91AF340054211C /* TextAlert.swift in Sources */,
				71E5ABB72B885CDA004F7189 /* TimeSelectionView.swift in Sources */,
				7155E4532B907890002902FE /* Float4x4+distance.swift in Sources */,
				7155E4612B907890002902FE /* LBARView+trackingStatus.swift in Sources */,
				71ED76B42B919EA00054211C /* MapViewModel.swift in Sources */,
				71ED76B22B919BB20054211C /* MapView.swift in Sources */,
				71DFBC522B923E7600BD3A37 /* Transform+helpers.swift in Sources */,
				71DFBC3B2B923E4F00BD3A37 /* ARSessionManager.swift in Sources */,
				71DFBC532B923E7600BD3A37 /* ModelEntity+simpleModels.swift in Sources */,
				7155E45D2B907890002902FE /* LBARView+internalTypes.swift in Sources */,
				71DFBC5E2B923EBC00BD3A37 /* ARViewContainer.swift in Sources */,
				7155E4552B907890002902FE /* RealityKit+helpers.swift in Sources */,
				71DFBC2B2B923BEA00BD3A37 /* UserDefaultsConfig.swift in Sources */,
				71ED76BC2B91A0370054211C /* MapContainer.swift in Sources */,
				717F8A202B879C8700C58DD0 /* CreateEventSheetView.swift in Sources */,
				71ED76CC2B91C27E0054211C /* SystemIconButton.swift in Sources */,
				71E5ABD52B89A7EB004F7189 /* ContentView.swift in Sources */,
				71DFBC352B923DE300BD3A37 /* Notification.swift in Sources */,
				71D1E8242B8B8FA7003FC862 /* SheetFactory.swift in Sources */,
				71DFBC5F2B923EBC00BD3A37 /* FocusedARView.swift in Sources */,
				7155E45B2B907890002902FE /* LBARView.swift in Sources */,
				71E5ABAF2B885704004F7189 /* User.swift in Sources */,
			);
			runOnlyForDeploymentPostprocessing = 0;
		};
		717F89F02B875D4D00C58DD0 /* Sources */ = {
			isa = PBXSourcesBuildPhase;
			buildActionMask = 2147483647;
			files = (
				717F89F92B875D4D00C58DD0 /* KeventyTests.swift in Sources */,
			);
			runOnlyForDeploymentPostprocessing = 0;
		};
		717F89FA2B875D4D00C58DD0 /* Sources */ = {
			isa = PBXSourcesBuildPhase;
			buildActionMask = 2147483647;
			files = (
				717F8A032B875D4D00C58DD0 /* KeventyUITests.swift in Sources */,
				717F8A052B875D4D00C58DD0 /* KeventyUITestsLaunchTests.swift in Sources */,
			);
			runOnlyForDeploymentPostprocessing = 0;
		};
/* End PBXSourcesBuildPhase section */

/* Begin PBXTargetDependency section */
		717F89F62B875D4D00C58DD0 /* PBXTargetDependency */ = {
			isa = PBXTargetDependency;
			target = 717F89E32B875D4A00C58DD0 /* Keventy */;
			targetProxy = 717F89F52B875D4D00C58DD0 /* PBXContainerItemProxy */;
		};
		717F8A002B875D4D00C58DD0 /* PBXTargetDependency */ = {
			isa = PBXTargetDependency;
			target = 717F89E32B875D4A00C58DD0 /* Keventy */;
			targetProxy = 717F89FF2B875D4D00C58DD0 /* PBXContainerItemProxy */;
		};
/* End PBXTargetDependency section */

/* Begin XCBuildConfiguration section */
		717F8A062B875D4D00C58DD0 /* Debug */ = {
			isa = XCBuildConfiguration;
			buildSettings = {
				ALWAYS_SEARCH_USER_PATHS = NO;
				ASSETCATALOG_COMPILER_GENERATE_SWIFT_ASSET_SYMBOL_EXTENSIONS = YES;
				CLANG_ANALYZER_NONNULL = YES;
				CLANG_ANALYZER_NUMBER_OBJECT_CONVERSION = YES_AGGRESSIVE;
				CLANG_CXX_LANGUAGE_STANDARD = "gnu++20";
				CLANG_ENABLE_MODULES = YES;
				CLANG_ENABLE_OBJC_ARC = YES;
				CLANG_ENABLE_OBJC_WEAK = YES;
				CLANG_WARN_BLOCK_CAPTURE_AUTORELEASING = YES;
				CLANG_WARN_BOOL_CONVERSION = YES;
				CLANG_WARN_COMMA = YES;
				CLANG_WARN_CONSTANT_CONVERSION = YES;
				CLANG_WARN_DEPRECATED_OBJC_IMPLEMENTATIONS = YES;
				CLANG_WARN_DIRECT_OBJC_ISA_USAGE = YES_ERROR;
				CLANG_WARN_DOCUMENTATION_COMMENTS = YES;
				CLANG_WARN_EMPTY_BODY = YES;
				CLANG_WARN_ENUM_CONVERSION = YES;
				CLANG_WARN_INFINITE_RECURSION = YES;
				CLANG_WARN_INT_CONVERSION = YES;
				CLANG_WARN_NON_LITERAL_NULL_CONVERSION = YES;
				CLANG_WARN_OBJC_IMPLICIT_RETAIN_SELF = YES;
				CLANG_WARN_OBJC_LITERAL_CONVERSION = YES;
				CLANG_WARN_OBJC_ROOT_CLASS = YES_ERROR;
				CLANG_WARN_QUOTED_INCLUDE_IN_FRAMEWORK_HEADER = YES;
				CLANG_WARN_RANGE_LOOP_ANALYSIS = YES;
				CLANG_WARN_STRICT_PROTOTYPES = YES;
				CLANG_WARN_SUSPICIOUS_MOVE = YES;
				CLANG_WARN_UNGUARDED_AVAILABILITY = YES_AGGRESSIVE;
				CLANG_WARN_UNREACHABLE_CODE = YES;
				CLANG_WARN__DUPLICATE_METHOD_MATCH = YES;
				COPY_PHASE_STRIP = NO;
				DEBUG_INFORMATION_FORMAT = dwarf;
				ENABLE_STRICT_OBJC_MSGSEND = YES;
				ENABLE_TESTABILITY = YES;
				ENABLE_USER_SCRIPT_SANDBOXING = NO;
				GCC_C_LANGUAGE_STANDARD = gnu17;
				GCC_DYNAMIC_NO_PIC = NO;
				GCC_NO_COMMON_BLOCKS = YES;
				GCC_OPTIMIZATION_LEVEL = 0;
				GCC_PREPROCESSOR_DEFINITIONS = (
					"DEBUG=1",
					"$(inherited)",
				);
				GCC_WARN_64_TO_32_BIT_CONVERSION = YES;
				GCC_WARN_ABOUT_RETURN_TYPE = YES_ERROR;
				GCC_WARN_UNDECLARED_SELECTOR = YES;
				GCC_WARN_UNINITIALIZED_AUTOS = YES_AGGRESSIVE;
				GCC_WARN_UNUSED_FUNCTION = YES;
				GCC_WARN_UNUSED_VARIABLE = YES;
				IPHONEOS_DEPLOYMENT_TARGET = 16.0;
				LOCALIZATION_PREFERS_STRING_CATALOGS = YES;
				MTL_ENABLE_DEBUG_INFO = INCLUDE_SOURCE;
				MTL_FAST_MATH = YES;
				ONLY_ACTIVE_ARCH = YES;
				SDKROOT = iphoneos;
				SWIFT_ACTIVE_COMPILATION_CONDITIONS = "DEBUG $(inherited)";
				SWIFT_OPTIMIZATION_LEVEL = "-Onone";
			};
			name = Debug;
		};
		717F8A072B875D4D00C58DD0 /* Release */ = {
			isa = XCBuildConfiguration;
			buildSettings = {
				ALWAYS_SEARCH_USER_PATHS = NO;
				ASSETCATALOG_COMPILER_GENERATE_SWIFT_ASSET_SYMBOL_EXTENSIONS = YES;
				CLANG_ANALYZER_NONNULL = YES;
				CLANG_ANALYZER_NUMBER_OBJECT_CONVERSION = YES_AGGRESSIVE;
				CLANG_CXX_LANGUAGE_STANDARD = "gnu++20";
				CLANG_ENABLE_MODULES = YES;
				CLANG_ENABLE_OBJC_ARC = YES;
				CLANG_ENABLE_OBJC_WEAK = YES;
				CLANG_WARN_BLOCK_CAPTURE_AUTORELEASING = YES;
				CLANG_WARN_BOOL_CONVERSION = YES;
				CLANG_WARN_COMMA = YES;
				CLANG_WARN_CONSTANT_CONVERSION = YES;
				CLANG_WARN_DEPRECATED_OBJC_IMPLEMENTATIONS = YES;
				CLANG_WARN_DIRECT_OBJC_ISA_USAGE = YES_ERROR;
				CLANG_WARN_DOCUMENTATION_COMMENTS = YES;
				CLANG_WARN_EMPTY_BODY = YES;
				CLANG_WARN_ENUM_CONVERSION = YES;
				CLANG_WARN_INFINITE_RECURSION = YES;
				CLANG_WARN_INT_CONVERSION = YES;
				CLANG_WARN_NON_LITERAL_NULL_CONVERSION = YES;
				CLANG_WARN_OBJC_IMPLICIT_RETAIN_SELF = YES;
				CLANG_WARN_OBJC_LITERAL_CONVERSION = YES;
				CLANG_WARN_OBJC_ROOT_CLASS = YES_ERROR;
				CLANG_WARN_QUOTED_INCLUDE_IN_FRAMEWORK_HEADER = YES;
				CLANG_WARN_RANGE_LOOP_ANALYSIS = YES;
				CLANG_WARN_STRICT_PROTOTYPES = YES;
				CLANG_WARN_SUSPICIOUS_MOVE = YES;
				CLANG_WARN_UNGUARDED_AVAILABILITY = YES_AGGRESSIVE;
				CLANG_WARN_UNREACHABLE_CODE = YES;
				CLANG_WARN__DUPLICATE_METHOD_MATCH = YES;
				COPY_PHASE_STRIP = NO;
				DEBUG_INFORMATION_FORMAT = "dwarf-with-dsym";
				ENABLE_NS_ASSERTIONS = NO;
				ENABLE_STRICT_OBJC_MSGSEND = YES;
				ENABLE_USER_SCRIPT_SANDBOXING = NO;
				GCC_C_LANGUAGE_STANDARD = gnu17;
				GCC_NO_COMMON_BLOCKS = YES;
				GCC_WARN_64_TO_32_BIT_CONVERSION = YES;
				GCC_WARN_ABOUT_RETURN_TYPE = YES_ERROR;
				GCC_WARN_UNDECLARED_SELECTOR = YES;
				GCC_WARN_UNINITIALIZED_AUTOS = YES_AGGRESSIVE;
				GCC_WARN_UNUSED_FUNCTION = YES;
				GCC_WARN_UNUSED_VARIABLE = YES;
				IPHONEOS_DEPLOYMENT_TARGET = 16.0;
				LOCALIZATION_PREFERS_STRING_CATALOGS = YES;
				MTL_ENABLE_DEBUG_INFO = NO;
				MTL_FAST_MATH = YES;
				SDKROOT = iphoneos;
				SWIFT_COMPILATION_MODE = wholemodule;
				VALIDATE_PRODUCT = YES;
			};
			name = Release;
		};
		717F8A092B875D4D00C58DD0 /* Debug */ = {
			isa = XCBuildConfiguration;
			buildSettings = {
				ASSETCATALOG_COMPILER_APPICON_NAME = AppIcon;
				ASSETCATALOG_COMPILER_GLOBAL_ACCENT_COLOR_NAME = AccentColor;
				CODE_SIGN_STYLE = Automatic;
				CURRENT_PROJECT_VERSION = 1;
				DEVELOPMENT_ASSET_PATHS = "\"Keventy/Preview Content\"";
				DEVELOPMENT_TEAM = CBACKRJ83S;
				ENABLE_PREVIEWS = YES;
				GENERATE_INFOPLIST_FILE = YES;
				INFOPLIST_FILE = Keventy/Info.plist;
				INFOPLIST_KEY_CFBundleDisplayName = "";
				INFOPLIST_KEY_LSApplicationCategoryType = "";
				INFOPLIST_KEY_NSCameraUsageDescription = "Needed to show the AR world";
				INFOPLIST_KEY_UIApplicationSceneManifest_Generation = YES;
				INFOPLIST_KEY_UIApplicationSupportsIndirectInputEvents = YES;
				INFOPLIST_KEY_UILaunchScreen_Generation = YES;
				INFOPLIST_KEY_UISupportedInterfaceOrientations_iPad = "UIInterfaceOrientationPortrait UIInterfaceOrientationPortraitUpsideDown UIInterfaceOrientationLandscapeLeft UIInterfaceOrientationLandscapeRight";
				INFOPLIST_KEY_UISupportedInterfaceOrientations_iPhone = "UIInterfaceOrientationPortrait UIInterfaceOrientationLandscapeLeft UIInterfaceOrientationLandscapeRight";
				IPHONEOS_DEPLOYMENT_TARGET = 17.0;
				LD_RUNPATH_SEARCH_PATHS = (
					"$(inherited)",
					"@executable_path/Frameworks",
				);
				MARKETING_VERSION = 1.0;
				NEW_SETTING = "";
				PRODUCT_BUNDLE_IDENTIFIER = com.kul.boonanake.Keventy;
				PRODUCT_NAME = "$(TARGET_NAME)";
				SWIFT_EMIT_LOC_STRINGS = YES;
				SWIFT_VERSION = 5.0;
				TARGETED_DEVICE_FAMILY = "1,2";
			};
			name = Debug;
		};
		717F8A0A2B875D4D00C58DD0 /* Release */ = {
			isa = XCBuildConfiguration;
			buildSettings = {
				ASSETCATALOG_COMPILER_APPICON_NAME = AppIcon;
				ASSETCATALOG_COMPILER_GLOBAL_ACCENT_COLOR_NAME = AccentColor;
				CODE_SIGN_STYLE = Automatic;
				CURRENT_PROJECT_VERSION = 1;
				DEVELOPMENT_ASSET_PATHS = "\"Keventy/Preview Content\"";
				DEVELOPMENT_TEAM = CBACKRJ83S;
				ENABLE_PREVIEWS = YES;
				GENERATE_INFOPLIST_FILE = YES;
				INFOPLIST_FILE = Keventy/Info.plist;
				INFOPLIST_KEY_CFBundleDisplayName = "";
				INFOPLIST_KEY_LSApplicationCategoryType = "";
				INFOPLIST_KEY_NSCameraUsageDescription = "Needed to show the AR world";
				INFOPLIST_KEY_UIApplicationSceneManifest_Generation = YES;
				INFOPLIST_KEY_UIApplicationSupportsIndirectInputEvents = YES;
				INFOPLIST_KEY_UILaunchScreen_Generation = YES;
				INFOPLIST_KEY_UISupportedInterfaceOrientations_iPad = "UIInterfaceOrientationPortrait UIInterfaceOrientationPortraitUpsideDown UIInterfaceOrientationLandscapeLeft UIInterfaceOrientationLandscapeRight";
				INFOPLIST_KEY_UISupportedInterfaceOrientations_iPhone = "UIInterfaceOrientationPortrait UIInterfaceOrientationLandscapeLeft UIInterfaceOrientationLandscapeRight";
				IPHONEOS_DEPLOYMENT_TARGET = 17.0;
				LD_RUNPATH_SEARCH_PATHS = (
					"$(inherited)",
					"@executable_path/Frameworks",
				);
				MARKETING_VERSION = 1.0;
				NEW_SETTING = "";
				PRODUCT_BUNDLE_IDENTIFIER = com.kul.boonanake.Keventy;
				PRODUCT_NAME = "$(TARGET_NAME)";
				SWIFT_EMIT_LOC_STRINGS = YES;
				SWIFT_VERSION = 5.0;
				TARGETED_DEVICE_FAMILY = "1,2";
			};
			name = Release;
		};
		717F8A0C2B875D4D00C58DD0 /* Debug */ = {
			isa = XCBuildConfiguration;
			buildSettings = {
				ALWAYS_EMBED_SWIFT_STANDARD_LIBRARIES = YES;
				BUNDLE_LOADER = "$(TEST_HOST)";
				CODE_SIGN_STYLE = Automatic;
				CURRENT_PROJECT_VERSION = 1;
				DEVELOPMENT_TEAM = CBACKRJ83S;
				GENERATE_INFOPLIST_FILE = YES;
				IPHONEOS_DEPLOYMENT_TARGET = 17.2;
				MARKETING_VERSION = 1.0;
				PRODUCT_BUNDLE_IDENTIFIER = com.kul.boonanake.KeventyTests;
				PRODUCT_NAME = "$(TARGET_NAME)";
				SWIFT_EMIT_LOC_STRINGS = NO;
				SWIFT_VERSION = 5.0;
				TARGETED_DEVICE_FAMILY = "1,2";
				TEST_HOST = "$(BUILT_PRODUCTS_DIR)/Keventy.app/$(BUNDLE_EXECUTABLE_FOLDER_PATH)/Keventy";
			};
			name = Debug;
		};
		717F8A0D2B875D4D00C58DD0 /* Release */ = {
			isa = XCBuildConfiguration;
			buildSettings = {
				ALWAYS_EMBED_SWIFT_STANDARD_LIBRARIES = YES;
				BUNDLE_LOADER = "$(TEST_HOST)";
				CODE_SIGN_STYLE = Automatic;
				CURRENT_PROJECT_VERSION = 1;
				DEVELOPMENT_TEAM = CBACKRJ83S;
				GENERATE_INFOPLIST_FILE = YES;
				IPHONEOS_DEPLOYMENT_TARGET = 17.2;
				MARKETING_VERSION = 1.0;
				PRODUCT_BUNDLE_IDENTIFIER = com.kul.boonanake.KeventyTests;
				PRODUCT_NAME = "$(TARGET_NAME)";
				SWIFT_EMIT_LOC_STRINGS = NO;
				SWIFT_VERSION = 5.0;
				TARGETED_DEVICE_FAMILY = "1,2";
				TEST_HOST = "$(BUILT_PRODUCTS_DIR)/Keventy.app/$(BUNDLE_EXECUTABLE_FOLDER_PATH)/Keventy";
			};
			name = Release;
		};
		717F8A0F2B875D4D00C58DD0 /* Debug */ = {
			isa = XCBuildConfiguration;
			buildSettings = {
				ALWAYS_EMBED_SWIFT_STANDARD_LIBRARIES = YES;
				CODE_SIGN_STYLE = Automatic;
				CURRENT_PROJECT_VERSION = 1;
				DEVELOPMENT_TEAM = CBACKRJ83S;
				GENERATE_INFOPLIST_FILE = YES;
				MARKETING_VERSION = 1.0;
				PRODUCT_BUNDLE_IDENTIFIER = com.kul.boonanake.KeventyUITests;
				PRODUCT_NAME = "$(TARGET_NAME)";
				SWIFT_EMIT_LOC_STRINGS = NO;
				SWIFT_VERSION = 5.0;
				TARGETED_DEVICE_FAMILY = "1,2";
				TEST_TARGET_NAME = Keventy;
			};
			name = Debug;
		};
		717F8A102B875D4D00C58DD0 /* Release */ = {
			isa = XCBuildConfiguration;
			buildSettings = {
				ALWAYS_EMBED_SWIFT_STANDARD_LIBRARIES = YES;
				CODE_SIGN_STYLE = Automatic;
				CURRENT_PROJECT_VERSION = 1;
				DEVELOPMENT_TEAM = CBACKRJ83S;
				GENERATE_INFOPLIST_FILE = YES;
				MARKETING_VERSION = 1.0;
				PRODUCT_BUNDLE_IDENTIFIER = com.kul.boonanake.KeventyUITests;
				PRODUCT_NAME = "$(TARGET_NAME)";
				SWIFT_EMIT_LOC_STRINGS = NO;
				SWIFT_VERSION = 5.0;
				TARGETED_DEVICE_FAMILY = "1,2";
				TEST_TARGET_NAME = Keventy;
			};
			name = Release;
		};
/* End XCBuildConfiguration section */

/* Begin XCConfigurationList section */
		717F89DF2B875D4900C58DD0 /* Build configuration list for PBXProject "Keventy" */ = {
			isa = XCConfigurationList;
			buildConfigurations = (
				717F8A062B875D4D00C58DD0 /* Debug */,
				717F8A072B875D4D00C58DD0 /* Release */,
			);
			defaultConfigurationIsVisible = 0;
			defaultConfigurationName = Release;
		};
		717F8A082B875D4D00C58DD0 /* Build configuration list for PBXNativeTarget "Keventy" */ = {
			isa = XCConfigurationList;
			buildConfigurations = (
				717F8A092B875D4D00C58DD0 /* Debug */,
				717F8A0A2B875D4D00C58DD0 /* Release */,
			);
			defaultConfigurationIsVisible = 0;
			defaultConfigurationName = Release;
		};
		717F8A0B2B875D4D00C58DD0 /* Build configuration list for PBXNativeTarget "KeventyTests" */ = {
			isa = XCConfigurationList;
			buildConfigurations = (
				717F8A0C2B875D4D00C58DD0 /* Debug */,
				717F8A0D2B875D4D00C58DD0 /* Release */,
			);
			defaultConfigurationIsVisible = 0;
			defaultConfigurationName = Release;
		};
		717F8A0E2B875D4D00C58DD0 /* Build configuration list for PBXNativeTarget "KeventyUITests" */ = {
			isa = XCConfigurationList;
			buildConfigurations = (
				717F8A0F2B875D4D00C58DD0 /* Debug */,
				717F8A102B875D4D00C58DD0 /* Release */,
			);
			defaultConfigurationIsVisible = 0;
			defaultConfigurationName = Release;
		};
/* End XCConfigurationList section */

/* Begin XCRemoteSwiftPackageReference section */
		71642D412B90AB590018DBD2 /* XCRemoteSwiftPackageReference "Kingfisher" */ = {
			isa = XCRemoteSwiftPackageReference;
			repositoryURL = "https://github.com/onevcat/Kingfisher";
			requirement = {
				kind = upToNextMajorVersion;
				minimumVersion = 7.11.0;
			};
		};
		71642D442B90AB6D0018DBD2 /* XCRemoteSwiftPackageReference "FocusEntity" */ = {
			isa = XCRemoteSwiftPackageReference;
			repositoryURL = "https://github.com/maxxfrazer/FocusEntity.git";
			requirement = {
				kind = upToNextMajorVersion;
				minimumVersion = 2.5.1;
			};
		};
		71642D472B90ABB70018DBD2 /* XCRemoteSwiftPackageReference "Moya" */ = {
			isa = XCRemoteSwiftPackageReference;
			repositoryURL = "https://github.com/Moya/Moya.git";
			requirement = {
				kind = upToNextMajorVersion;
				minimumVersion = 15.0.3;
			};
		};
/* End XCRemoteSwiftPackageReference section */

/* Begin XCSwiftPackageProductDependency section */
		71642D422B90AB590018DBD2 /* Kingfisher */ = {
			isa = XCSwiftPackageProductDependency;
			package = 71642D412B90AB590018DBD2 /* XCRemoteSwiftPackageReference "Kingfisher" */;
			productName = Kingfisher;
		};
		71642D452B90AB6D0018DBD2 /* FocusEntity */ = {
			isa = XCSwiftPackageProductDependency;
			package = 71642D442B90AB6D0018DBD2 /* XCRemoteSwiftPackageReference "FocusEntity" */;
			productName = FocusEntity;
		};
		71642D482B90ACD40018DBD2 /* CombineMoya */ = {
			isa = XCSwiftPackageProductDependency;
			package = 71642D472B90ABB70018DBD2 /* XCRemoteSwiftPackageReference "Moya" */;
			productName = CombineMoya;
		};
		71642D4A2B90ACD40018DBD2 /* Moya */ = {
			isa = XCSwiftPackageProductDependency;
			package = 71642D472B90ABB70018DBD2 /* XCRemoteSwiftPackageReference "Moya" */;
			productName = Moya;
		};
		71642D4C2B90ACD40018DBD2 /* ReactiveMoya */ = {
			isa = XCSwiftPackageProductDependency;
			package = 71642D472B90ABB70018DBD2 /* XCRemoteSwiftPackageReference "Moya" */;
			productName = ReactiveMoya;
		};
		71642D4E2B90ACD40018DBD2 /* RxMoya */ = {
			isa = XCSwiftPackageProductDependency;
			package = 71642D472B90ABB70018DBD2 /* XCRemoteSwiftPackageReference "Moya" */;
			productName = RxMoya;
		};
/* End XCSwiftPackageProductDependency section */
	};
	rootObject = 717F89DC2B875D4900C58DD0 /* Project object */;
}
